// !$*UTF8*$!
{
	archiveVersion = 1;
	classes = {
	};
	objectVersion = 55;
	objects = {

/* Begin PBXBuildFile section */
		159B82322BA924EF5E97EE67 /* Pods_09_10_2023_GoogleMapsDemo.framework in Frameworks */ = {isa = PBXBuildFile; fileRef = A078CF4CC53A4B0F339E4070 /* Pods_09_10_2023_GoogleMapsDemo.framework */; };
		68113E982B47D66000DC0988 /* AppDelegate.swift in Sources */ = {isa = PBXBuildFile; fileRef = 68113E972B47D66000DC0988 /* AppDelegate.swift */; };
		68113E9A2B47D66000DC0988 /* SceneDelegate.swift in Sources */ = {isa = PBXBuildFile; fileRef = 68113E992B47D66000DC0988 /* SceneDelegate.swift */; };
		68113E9C2B47D66000DC0988 /* ViewController.swift in Sources */ = {isa = PBXBuildFile; fileRef = 68113E9B2B47D66000DC0988 /* ViewController.swift */; };
		68113E9F2B47D66000DC0988 /* Main.storyboard in Resources */ = {isa = PBXBuildFile; fileRef = 68113E9D2B47D66000DC0988 /* Main.storyboard */; };
		68113EA12B47D66100DC0988 /* Assets.xcassets in Resources */ = {isa = PBXBuildFile; fileRef = 68113EA02B47D66100DC0988 /* Assets.xcassets */; };
		68113EA42B47D66100DC0988 /* LaunchScreen.storyboard in Resources */ = {isa = PBXBuildFile; fileRef = 68113EA22B47D66100DC0988 /* LaunchScreen.storyboard */; };
/* End PBXBuildFile section */

/* Begin PBXFileReference section */
		68113E942B47D66000DC0988 /* 09_10_2023_GoogleMapsDemo.app */ = {isa = PBXFileReference; explicitFileType = wrapper.application; includeInIndex = 0; path = 09_10_2023_GoogleMapsDemo.app; sourceTree = BUILT_PRODUCTS_DIR; };
		68113E972B47D66000DC0988 /* AppDelegate.swift */ = {isa = PBXFileReference; lastKnownFileType = sourcecode.swift; path = AppDelegate.swift; sourceTree = "<group>"; };
		68113E992B47D66000DC0988 /* SceneDelegate.swift */ = {isa = PBXFileReference; lastKnownFileType = sourcecode.swift; path = SceneDelegate.swift; sourceTree = "<group>"; };
		68113E9B2B47D66000DC0988 /* ViewController.swift */ = {isa = PBXFileReference; lastKnownFileType = sourcecode.swift; path = ViewController.swift; sourceTree = "<group>"; };
		68113E9E2B47D66000DC0988 /* Base */ = {isa = PBXFileReference; lastKnownFileType = file.storyboard; name = Base; path = Base.lproj/Main.storyboard; sourceTree = "<group>"; };
		68113EA02B47D66100DC0988 /* Assets.xcassets */ = {isa = PBXFileReference; lastKnownFileType = folder.assetcatalog; path = Assets.xcassets; sourceTree = "<group>"; };
		68113EA32B47D66100DC0988 /* Base */ = {isa = PBXFileReference; lastKnownFileType = file.storyboard; name = Base; path = Base.lproj/LaunchScreen.storyboard; sourceTree = "<group>"; };
		68113EA52B47D66100DC0988 /* Info.plist */ = {isa = PBXFileReference; lastKnownFileType = text.plist.xml; path = Info.plist; sourceTree = "<group>"; };
		A078CF4CC53A4B0F339E4070 /* Pods_09_10_2023_GoogleMapsDemo.framework */ = {isa = PBXFileReference; explicitFileType = wrapper.framework; includeInIndex = 0; path = Pods_09_10_2023_GoogleMapsDemo.framework; sourceTree = BUILT_PRODUCTS_DIR; };
		E49CB30459E2844C27FB27A8 /* Pods-09_10_2023_GoogleMapsDemo.release.xcconfig */ = {isa = PBXFileReference; includeInIndex = 1; lastKnownFileType = text.xcconfig; name = "Pods-09_10_2023_GoogleMapsDemo.release.xcconfig"; path = "Target Support Files/Pods-09_10_2023_GoogleMapsDemo/Pods-09_10_2023_GoogleMapsDemo.release.xcconfig"; sourceTree = "<group>"; };
		F4E8821956291B1EFA55689F /* Pods-09_10_2023_GoogleMapsDemo.debug.xcconfig */ = {isa = PBXFileReference; includeInIndex = 1; lastKnownFileType = text.xcconfig; name = "Pods-09_10_2023_GoogleMapsDemo.debug.xcconfig"; path = "Target Support Files/Pods-09_10_2023_GoogleMapsDemo/Pods-09_10_2023_GoogleMapsDemo.debug.xcconfig"; sourceTree = "<group>"; };
/* End PBXFileReference section */

/* Begin PBXFrameworksBuildPhase section */
		68113E912B47D66000DC0988 /* Frameworks */ = {
			isa = PBXFrameworksBuildPhase;
			buildActionMask = 2147483647;
			files = (
				159B82322BA924EF5E97EE67 /* Pods_09_10_2023_GoogleMapsDemo.framework in Frameworks */,
			);
			runOnlyForDeploymentPostprocessing = 0;
		};
/* End PBXFrameworksBuildPhase section */

/* Begin PBXGroup section */
		68113E8B2B47D66000DC0988 = {
			isa = PBXGroup;
			children = (
				68113E962B47D66000DC0988 /* 09_10_2023_GoogleMapsDemo */,
				68113E952B47D66000DC0988 /* Products */,
				E044ED9478D7AEFAFB3B9900 /* Pods */,
				7463B9585E3A713DD70EF197 /* Frameworks */,
			);
			sourceTree = "<group>";
		};
		68113E952B47D66000DC0988 /* Products */ = {
			isa = PBXGroup;
			children = (
				68113E942B47D66000DC0988 /* 09_10_2023_GoogleMapsDemo.app */,
			);
			name = Products;
			sourceTree = "<group>";
		};
		68113E962B47D66000DC0988 /* 09_10_2023_GoogleMapsDemo */ = {
			isa = PBXGroup;
			children = (
				68113E972B47D66000DC0988 /* AppDelegate.swift */,
				68113E992B47D66000DC0988 /* SceneDelegate.swift */,
				68113E9B2B47D66000DC0988 /* ViewController.swift */,
				68113E9D2B47D66000DC0988 /* Main.storyboard */,
				68113EA02B47D66100DC0988 /* Assets.xcassets */,
				68113EA22B47D66100DC0988 /* LaunchScreen.storyboard */,
				68113EA52B47D66100DC0988 /* Info.plist */,
			);
			path = 09_10_2023_GoogleMapsDemo;
			sourceTree = "<group>";
		};
		7463B9585E3A713DD70EF197 /* Frameworks */ = {
			isa = PBXGroup;
			children = (
				A078CF4CC53A4B0F339E4070 /* Pods_09_10_2023_GoogleMapsDemo.framework */,
			);
			name = Frameworks;
			sourceTree = "<group>";
		};
		E044ED9478D7AEFAFB3B9900 /* Pods */ = {
			isa = PBXGroup;
			children = (
				F4E8821956291B1EFA55689F /* Pods-09_10_2023_GoogleMapsDemo.debug.xcconfig */,
				E49CB30459E2844C27FB27A8 /* Pods-09_10_2023_GoogleMapsDemo.release.xcconfig */,
			);
			path = Pods;
			sourceTree = "<group>";
		};
/* End PBXGroup section */

/* Begin PBXNativeTarget section */
		68113E932B47D66000DC0988 /* 09_10_2023_GoogleMapsDemo */ = {
			isa = PBXNativeTarget;
			buildConfigurationList = 68113EA82B47D66100DC0988 /* Build configuration list for PBXNativeTarget "09_10_2023_GoogleMapsDemo" */;
			buildPhases = (
				4222A18A57670278EE7D12A2 /* [CP] Check Pods Manifest.lock */,
				68113E902B47D66000DC0988 /* Sources */,
				68113E912B47D66000DC0988 /* Frameworks */,
				68113E922B47D66000DC0988 /* Resources */,
				E57DA2BDC38EFA5DFC9BC9FD /* [CP] Copy Pods Resources */,
			);
			buildRules = (
			);
			dependencies = (
			);
			name = 09_10_2023_GoogleMapsDemo;
			productName = 09_10_2023_GoogleMapsDemo;
			productReference = 68113E942B47D66000DC0988 /* 09_10_2023_GoogleMapsDemo.app */;
			productType = "com.apple.product-type.application";
		};
/* End PBXNativeTarget section */

/* Begin PBXProject section */
		68113E8C2B47D66000DC0988 /* Project object */ = {
			isa = PBXProject;
			attributes = {
				BuildIndependentTargetsInParallel = 1;
				LastSwiftUpdateCheck = 1400;
				LastUpgradeCheck = 1400;
				TargetAttributes = {
					68113E932B47D66000DC0988 = {
						CreatedOnToolsVersion = 14.0;
					};
				};
			};
			buildConfigurationList = 68113E8F2B47D66000DC0988 /* Build configuration list for PBXProject "09_10_2023_GoogleMapsDemo" */;
			compatibilityVersion = "Xcode 13.0";
			developmentRegion = en;
			hasScannedForEncodings = 0;
			knownRegions = (
				en,
				Base,
			);
			mainGroup = 68113E8B2B47D66000DC0988;
			productRefGroup = 68113E952B47D66000DC0988 /* Products */;
			projectDirPath = "";
			projectRoot = "";
			targets = (
				68113E932B47D66000DC0988 /* 09_10_2023_GoogleMapsDemo */,
			);
		};
/* End PBXProject section */

/* Begin PBXResourcesBuildPhase section */
		68113E922B47D66000DC0988 /* Resources */ = {
			isa = PBXResourcesBuildPhase;
			buildActionMask = 2147483647;
			files = (
				68113EA42B47D66100DC0988 /* LaunchScreen.storyboard in Resources */,
				68113EA12B47D66100DC0988 /* Assets.xcassets in Resources */,
				68113E9F2B47D66000DC0988 /* Main.storyboard in Resources */,
			);
			runOnlyForDeploymentPostprocessing = 0;
		};
/* End PBXResourcesBuildPhase section */

/* Begin PBXShellScriptBuildPhase section */
		4222A18A57670278EE7D12A2 /* [CP] Check Pods Manifest.lock */ = {
			isa = PBXShellScriptBuildPhase;
			buildActionMask = 2147483647;
			files = (
			);
			inputFileListPaths = (
			);
			inputPaths = (
				"${PODS_PODFILE_DIR_PATH}/Podfile.lock",
				"${PODS_ROOT}/Manifest.lock",
			);
			name = "[CP] Check Pods Manifest.lock";
			outputFileListPaths = (
			);
			outputPaths = (
				"$(DERIVED_FILE_DIR)/Pods-09_10_2023_GoogleMapsDemo-checkManifestLockResult.txt",
			);
			runOnlyForDeploymentPostprocessing = 0;
			shellPath = /bin/sh;
			shellScript = "diff \"${PODS_PODFILE_DIR_PATH}/Podfile.lock\" \"${PODS_ROOT}/Manifest.lock\" > /dev/null\nif [ $? != 0 ] ; then\n    # print error to STDERR\n    echo \"error: The sandbox is not in sync with the Podfile.lock. Run 'pod install' or update your CocoaPods installation.\" >&2\n    exit 1\nfi\n# This output is used by Xcode 'outputs' to avoid re-running this script phase.\necho \"SUCCESS\" > \"${SCRIPT_OUTPUT_FILE_0}\"\n";
			showEnvVarsInLog = 0;
		};
		E57DA2BDC38EFA5DFC9BC9FD /* [CP] Copy Pods Resources */ = {
			isa = PBXShellScriptBuildPhase;
			buildActionMask = 2147483647;
			files = (
			);
			inputFileListPaths = (
				"${PODS_ROOT}/Target Support Files/Pods-09_10_2023_GoogleMapsDemo/Pods-09_10_2023_GoogleMapsDemo-resources-${CONFIGURATION}-input-files.xcfilelist",
			);
			name = "[CP] Copy Pods Resources";
			outputFileListPaths = (
				"${PODS_ROOT}/Target Support Files/Pods-09_10_2023_GoogleMapsDemo/Pods-09_10_2023_GoogleMapsDemo-resources-${CONFIGURATION}-output-files.xcfilelist",
			);
			runOnlyForDeploymentPostprocessing = 0;
			shellPath = /bin/sh;
			shellScript = "\"${PODS_ROOT}/Target Support Files/Pods-09_10_2023_GoogleMapsDemo/Pods-09_10_2023_GoogleMapsDemo-resources.sh\"\n";
			showEnvVarsInLog = 0;
		};
/* End PBXShellScriptBuildPhase section */

/* Begin PBXSourcesBuildPhase section */
		68113E902B47D66000DC0988 /* Sources */ = {
			isa = PBXSourcesBuildPhase;
			buildActionMask = 2147483647;
			files = (
				68113E9C2B47D66000DC0988 /* ViewController.swift in Sources */,
				68113E982B47D66000DC0988 /* AppDelegate.swift in Sources */,
				68113E9A2B47D66000DC0988 /* SceneDelegate.swift in Sources */,
			);
			runOnlyForDeploymentPostprocessing = 0;
		};
/* End PBXSourcesBuildPhase section */

/* Begin PBXVariantGroup section */
		68113E9D2B47D66000DC0988 /* Main.storyboard */ = {
			isa = PBXVariantGroup;
			children = (
				68113E9E2B47D66000DC0988 /* Base */,
			);
			name = Main.storyboard;
			sourceTree = "<group>";
		};
		68113EA22B47D66100DC0988 /* LaunchScreen.storyboard */ = {
			isa = PBXVariantGroup;
			children = (
				68113EA32B47D66100DC0988 /* Base */,
			);
			name = LaunchScreen.storyboard;
			sourceTree = "<group>";
		};
/* End PBXVariantGroup section */

/* Begin XCBuildConfiguration section */
		68113EA62B47D66100DC0988 /* Debug */ = {
			isa = XCBuildConfiguration;
			buildSettings = {
				ALWAYS_SEARCH_USER_PATHS = NO;
				CLANG_ANALYZER_NONNULL = YES;
				CLANG_ANALYZER_NUMBER_OBJECT_CONVERSION = YES_AGGRESSIVE;
				CLANG_CXX_LANGUAGE_STANDARD = "gnu++20";
				CLANG_ENABLE_MODULES = YES;
				CLANG_ENABLE_OBJC_ARC = YES;
				CLANG_ENABLE_OBJC_WEAK = YES;
				CLANG_WARN_BLOCK_CAPTURE_AUTORELEASING = YES;
				CLANG_WARN_BOOL_CONVERSION = YES;
				CLANG_WARN_COMMA = YES;
				CLANG_WARN_CONSTANT_CONVERSION = YES;
				CLANG_WARN_DEPRECATED_OBJC_IMPLEMENTATIONS = YES;
				CLANG_WARN_DIRECT_OBJC_ISA_USAGE = YES_ERROR;
				CLANG_WARN_DOCUMENTATION_COMMENTS = YES;
				CLANG_WARN_EMPTY_BODY = YES;
				CLANG_WARN_ENUM_CONVERSION = YES;
				CLANG_WARN_INFINITE_RECURSION = YES;
				CLANG_WARN_INT_CONVERSION = YES;
				CLANG_WARN_NON_LITERAL_NULL_CONVERSION = YES;
				CLANG_WARN_OBJC_IMPLICIT_RETAIN_SELF = YES;
				CLANG_WARN_OBJC_LITERAL_CONVERSION = YES;
				CLANG_WARN_OBJC_ROOT_CLASS = YES_ERROR;
				CLANG_WARN_QUOTED_INCLUDE_IN_FRAMEWORK_HEADER = YES;
				CLANG_WARN_RANGE_LOOP_ANALYSIS = YES;
				CLANG_WARN_STRICT_PROTOTYPES = YES;
				CLANG_WARN_SUSPICIOUS_MOVE = YES;
				CLANG_WARN_UNGUARDED_AVAILABILITY = YES_AGGRESSIVE;
				CLANG_WARN_UNREACHABLE_CODE = YES;
				CLANG_WARN__DUPLICATE_METHOD_MATCH = YES;
				COPY_PHASE_STRIP = NO;
				DEBUG_INFORMATION_FORMAT = dwarf;
				ENABLE_STRICT_OBJC_MSGSEND = YES;
				ENABLE_TESTABILITY = YES;
				GCC_C_LANGUAGE_STANDARD = gnu11;
				GCC_DYNAMIC_NO_PIC = NO;
				GCC_NO_COMMON_BLOCKS = YES;
				GCC_OPTIMIZATION_LEVEL = 0;
				GCC_PREPROCESSOR_DEFINITIONS = (
					"DEBUG=1",
					"$(inherited)",
				);
				GCC_WARN_64_TO_32_BIT_CONVERSION = YES;
				GCC_WARN_ABOUT_RETURN_TYPE = YES_ERROR;
				GCC_WARN_UNDECLARED_SELECTOR = YES;
				GCC_WARN_UNINITIALIZED_AUTOS = YES_AGGRESSIVE;
				GCC_WARN_UNUSED_FUNCTION = YES;
				GCC_WARN_UNUSED_VARIABLE = YES;
				IPHONEOS_DEPLOYMENT_TARGET = 16.0;
				MTL_ENABLE_DEBUG_INFO = INCLUDE_SOURCE;
				MTL_FAST_MATH = YES;
				ONLY_ACTIVE_ARCH = YES;
				SDKROOT = iphoneos;
				SWIFT_ACTIVE_COMPILATION_CONDITIONS = DEBUG;
				SWIFT_OPTIMIZATION_LEVEL = "-Onone";
			};
			name = Debug;
		};
		68113EA72B47D66100DC0988 /* Release */ = {
			isa = XCBuildConfiguration;
			buildSettings = {
				ALWAYS_SEARCH_USER_PATHS = NO;
				CLANG_ANALYZER_NONNULL = YES;
				CLANG_ANALYZER_NUMBER_OBJECT_CONVERSION = YES_AGGRESSIVE;
				CLANG_CXX_LANGUAGE_STANDARD = "gnu++20";
				CLANG_ENABLE_MODULES = YES;
				CLANG_ENABLE_OBJC_ARC = YES;
				CLANG_ENABLE_OBJC_WEAK = YES;
				CLANG_WARN_BLOCK_CAPTURE_AUTORELEASING = YES;
				CLANG_WARN_BOOL_CONVERSION = YES;
				CLANG_WARN_COMMA = YES;
				CLANG_WARN_CONSTANT_CONVERSION = YES;
				CLANG_WARN_DEPRECATED_OBJC_IMPLEMENTATIONS = YES;
				CLANG_WARN_DIRECT_OBJC_ISA_USAGE = YES_ERROR;
				CLANG_WARN_DOCUMENTATION_COMMENTS = YES;
				CLANG_WARN_EMPTY_BODY = YES;
				CLANG_WARN_ENUM_CONVERSION = YES;
				CLANG_WARN_INFINITE_RECURSION = YES;
				CLANG_WARN_INT_CONVERSION = YES;
				CLANG_WARN_NON_LITERAL_NULL_CONVERSION = YES;
				CLANG_WARN_OBJC_IMPLICIT_RETAIN_SELF = YES;
				CLANG_WARN_OBJC_LITERAL_CONVERSION = YES;
				CLANG_WARN_OBJC_ROOT_CLASS = YES_ERROR;
				CLANG_WARN_QUOTED_INCLUDE_IN_FRAMEWORK_HEADER = YES;
				CLANG_WARN_RANGE_LOOP_ANALYSIS = YES;
				CLANG_WARN_STRICT_PROTOTYPES = YES;
				CLANG_WARN_SUSPICIOUS_MOVE = YES;
				CLANG_WARN_UNGUARDED_AVAILABILITY = YES_AGGRESSIVE;
				CLANG_WARN_UNREACHABLE_CODE = YES;
				CLANG_WARN__DUPLICATE_METHOD_MATCH = YES;
				COPY_PHASE_STRIP = NO;
				DEBUG_INFORMATION_FORMAT = "dwarf-with-dsym";
				ENABLE_NS_ASSERTIONS = NO;
				ENABLE_STRICT_OBJC_MSGSEND = YES;
				GCC_C_LANGUAGE_STANDARD = gnu11;
				GCC_NO_COMMON_BLOCKS = YES;
				GCC_WARN_64_TO_32_BIT_CONVERSION = YES;
				GCC_WARN_ABOUT_RETURN_TYPE = YES_ERROR;
				GCC_WARN_UNDECLARED_SELECTOR = YES;
				GCC_WARN_UNINITIALIZED_AUTOS = YES_AGGRESSIVE;
				GCC_WARN_UNUSED_FUNCTION = YES;
				GCC_WARN_UNUSED_VARIABLE = YES;
				IPHONEOS_DEPLOYMENT_TARGET = 16.0;
				MTL_ENABLE_DEBUG_INFO = NO;
				MTL_FAST_MATH = YES;
				SDKROOT = iphoneos;
				SWIFT_COMPILATION_MODE = wholemodule;
				SWIFT_OPTIMIZATION_LEVEL = "-O";
				VALIDATE_PRODUCT = YES;
			};
			name = Release;
		};
		68113EA92B47D66100DC0988 /* Debug */ = {
			isa = XCBuildConfiguration;
			baseConfigurationReference = F4E8821956291B1EFA55689F /* Pods-09_10_2023_GoogleMapsDemo.debug.xcconfig */;
			buildSettings = {
				ASSETCATALOG_COMPILER_APPICON_NAME = AppIcon;
				ASSETCATALOG_COMPILER_GLOBAL_ACCENT_COLOR_NAME = AccentColor;
				CODE_SIGN_STYLE = Automatic;
				CURRENT_PROJECT_VERSION = 1;
				DEVELOPMENT_TEAM = W669X37752;
				"EXCLUDED_ARCHS[sdk=*]" = arm64;
				GENERATE_INFOPLIST_FILE = YES;
				INFOPLIST_FILE = 09_10_2023_GoogleMapsDemo/Info.plist;
				INFOPLIST_KEY_UIApplicationSupportsIndirectInputEvents = YES;
				INFOPLIST_KEY_UILaunchStoryboardName = LaunchScreen;
				INFOPLIST_KEY_UIMainStoryboardFile = Main;
				INFOPLIST_KEY_UISupportedInterfaceOrientations_iPad = "UIInterfaceOrientationPortrait UIInterfaceOrientationPortraitUpsideDown UIInterfaceOrientationLandscapeLeft UIInterfaceOrientationLandscapeRight";
				INFOPLIST_KEY_UISupportedInterfaceOrientations_iPhone = "UIInterfaceOrientationPortrait UIInterfaceOrientationLandscapeLeft UIInterfaceOrientationLandscapeRight";
				LD_RUNPATH_SEARCH_PATHS = (
					"$(inherited)",
					"@executable_path/Frameworks",
				);
				MARKETING_VERSION = 1.0;
				PRODUCT_BUNDLE_IDENTIFIER = "in.bitcode.-9-10-2023-GoogleMapsDemo";
				PRODUCT_NAME = "$(TARGET_NAME)";
				SWIFT_EMIT_LOC_STRINGS = YES;
				SWIFT_VERSION = 5.0;
				TARGETED_DEVICE_FAMILY = "1,2";
			};
			name = Debug;
		};
		68113EAA2B47D66100DC0988 /* Release */ = {
			isa = XCBuildConfiguration;
			baseConfigurationReference = E49CB30459E2844C27FB27A8 /* Pods-09_10_2023_GoogleMapsDemo.release.xcconfig */;
			buildSettings = {
				ASSETCATALOG_COMPILER_APPICON_NAME = AppIcon;
				ASSETCATALOG_COMPILER_GLOBAL_ACCENT_COLOR_NAME = AccentColor;
				CODE_SIGN_STYLE = Automatic;
				CURRENT_PROJECT_VERSION = 1;
				DEVELOPMENT_TEAM = W669X37752;
				"EXCLUDED_ARCHS[sdk=*]" = arm64;
				GENERATE_INFOPLIST_FILE = YES;
				INFOPLIST_FILE = 09_10_2023_GoogleMapsDemo/Info.plist;
				INFOPLIST_KEY_UIApplicationSupportsIndirectInputEvents = YES;
				INFOPLIST_KEY_UILaunchStoryboardName = LaunchScreen;
				INFOPLIST_KEY_UIMainStoryboardFile = Main;
				INFOPLIST_KEY_UISupportedInterfaceOrientations_iPad = "UIInterfaceOrientationPortrait UIInterfaceOrientationPortraitUpsideDown UIInterfaceOrientationLandscapeLeft UIInterfaceOrientationLandscapeRight";
				INFOPLIST_KEY_UISupportedInterfaceOrientations_iPhone = "UIInterfaceOrientationPortrait UIInterfaceOrientationLandscapeLeft UIInterfaceOrientationLandscapeRight";
				LD_RUNPATH_SEARCH_PATHS = (
					"$(inherited)",
					"@executable_path/Frameworks",
				);
				MARKETING_VERSION = 1.0;
				PRODUCT_BUNDLE_IDENTIFIER = "in.bitcode.-9-10-2023-GoogleMapsDemo";
				PRODUCT_NAME = "$(TARGET_NAME)";
				SWIFT_EMIT_LOC_STRINGS = YES;
				SWIFT_VERSION = 5.0;
				TARGETED_DEVICE_FAMILY = "1,2";
			};
			name = Release;
		};
/* End XCBuildConfiguration section */

/* Begin XCConfigurationList section */
		68113E8F2B47D66000DC0988 /* Build configuration list for PBXProject "09_10_2023_GoogleMapsDemo" */ = {
			isa = XCConfigurationList;
			buildConfigurations = (
				68113EA62B47D66100DC0988 /* Debug */,
				68113EA72B47D66100DC0988 /* Release */,
			);
			defaultConfigurationIsVisible = 0;
			defaultConfigurationName = Release;
		};
		68113EA82B47D66100DC0988 /* Build configuration list for PBXNativeTarget "09_10_2023_GoogleMapsDemo" */ = {
			isa = XCConfigurationList;
			buildConfigurations = (
				68113EA92B47D66100DC0988 /* Debug */,
				68113EAA2B47D66100DC0988 /* Release */,
			);
			defaultConfigurationIsVisible = 0;
			defaultConfigurationName = Release;
		};
/* End XCConfigurationList section */
	};
	rootObject = 68113E8C2B47D66000DC0988 /* Project object */;
}
